
Microsoft Visual Studio Solution File, Format Version 12.00
# Visual Studio 2013
VisualStudioVersion = 12.0.21005.1
MinimumVisualStudioVersion = 10.0.40219.1
Project("{8BC9CEB8-8B4A-11D0-8D11-00A0C91BC942}") = "Simply", "Simply\Simply.vcxproj", "{DC57CC32-1DF2-4FBF-8466-D558E957F0AA}"
	ProjectSection(ProjectDependencies) = postProject
		{0BCACBC8-56A5-47D9-9B0F-9A344607735E} = {0BCACBC8-56A5-47D9-9B0F-9A344607735E}
	EndProjectSection
EndProject
Project("{8BC9CEB8-8B4A-11D0-8D11-00A0C91BC942}") = "GooseBerry", "..\..\GooseBerry\GooseBerry\GooseBerry.vcxproj", "{0BCACBC8-56A5-47D9-9B0F-9A344607735E}"
EndProject
Project("{8BC9CEB8-8B4A-11D0-8D11-00A0C91BC942}") = "GooseBerryTestingApplication", "..\..\GooseBerry\GooseBerryTestingApplication\GooseBerryTestingApplication.vcxproj", "{5FAA2A37-D13C-4149-8D4E-4BEFB8785DF2}"
EndProject
Global
	GlobalSection(SolutionConfigurationPlatforms) = preSolution
		Debug|Win32 = Debug|Win32
		Release|Win32 = Release|Win32
	EndGlobalSection
	GlobalSection(ProjectConfigurationPlatforms) = postSolution
		{DC57CC32-1DF2-4FBF-8466-D558E957F0AA}.Debug|Win32.ActiveCfg = Debug|Win32
		{DC57CC32-1DF2-4FBF-8466-D558E957F0AA}.Debug|Win32.Build.0 = Debug|Win32
		{DC57CC32-1DF2-4FBF-8466-D558E957F0AA}.Release|Win32.ActiveCfg = Release|Win32
		{DC57CC32-1DF2-4FBF-8466-D558E957F0AA}.Release|Win32.Build.0 = Release|Win32
		{0BCACBC8-56A5-47D9-9B0F-9A344607735E}.Debug|Win32.ActiveCfg = Debug|Win32
		{0BCACBC8-56A5-47D9-9B0F-9A344607735E}.Debug|Win32.Build.0 = Debug|Win32
		{0BCACBC8-56A5-47D9-9B0F-9A344607735E}.Release|Win32.ActiveCfg = Release|Win32
		{0BCACBC8-56A5-47D9-9B0F-9A344607735E}.Release|Win32.Build.0 = Release|Win32
		{5FAA2A37-D13C-4149-8D4E-4BEFB8785DF2}.Debug|Win32.ActiveCfg = Debug|Win32
		{5FAA2A37-D13C-4149-8D4E-4BEFB8785DF2}.Debug|Win32.Build.0 = Debug|Win32
		{5FAA2A37-D13C-4149-8D4E-4BEFB8785DF2}.Release|Win32.ActiveCfg = Release|Win32
		{5FAA2A37-D13C-4149-8D4E-4BEFB8785DF2}.Release|Win32.Build.0 = Release|Win32
	EndGlobalSection
	GlobalSection(SolutionProperties) = preSolution
		HideSolutionNode = FALSE
	EndGlobalSection
EndGlobal
